Microsoft Visual Studio Solution File, Format Version 12.00
# Visual Studio Version 16
VisualStudioVersion = 16.0.29806.167
MinimumVisualStudioVersion = 10.0.40219.1
Project("{2150E333-8FDC-42A3-9474-1A3956D46DE8}") = "Integrations", "Integrations", "{5FD6BC94-2E65-41F9-B36B-91D91F15EF53}"
EndProject
Project("{9A19103F-16F7-4668-BE54-9A1E7A4F7556}") = "TinkoffIntegrationLib", "Integrations\TinkoffIntegrationLib\TinkoffIntegrationLib.csproj", "{CF177075-64DF-4E61-9312-CBD464C8E2F8}"
EndProject
Project("{9A19103F-16F7-4668-BE54-9A1E7A4F7556}") = "DTO", "Common\DTO\DTO.csproj", "{6FA1ABB0-F5D3-4CF4-BC2A-170867AEF298}"
EndProject
Project("{9A19103F-16F7-4668-BE54-9A1E7A4F7556}") = "Interfaces", "Common\Interfaces\Interfaces.csproj", "{D18595A6-80AE-4598-B398-68F3B9052DDD}"
EndProject
Project("{2150E333-8FDC-42A3-9474-1A3956D46DE8}") = "Services", "Services", "{C65FCC87-0D7A-476D-AA0D-1AFEAD12E8B6}"
EndProject
Project("{9A19103F-16F7-4668-BE54-9A1E7A4F7556}") = "DataBaseService", "Services\DataBaseService\DataBaseService.csproj", "{E37485DB-4CE1-4B37-ADF5-319D13192AD7}"
EndProject
Project("{9A19103F-16F7-4668-BE54-9A1E7A4F7556}") = "OperationService", "Services\OperationService\OperationService.csproj", "{30725E19-EA8D-4190-BEB6-46283B9E4743}"
EndProject
Project("{9A19103F-16F7-4668-BE54-9A1E7A4F7556}") = "UserService", "Services\UserService\UserService.csproj", "{AD5FA204-3F65-4ABE-9F8F-73253AF38DB6}"
EndProject
Project("{9A19103F-16F7-4668-BE54-9A1E7A4F7556}") = "BrokerService", "Services\BrokerService\BrokerService.csproj", "{F56CEEEA-AB92-4021-903F-2249A75DE529}"
EndProject
Project("{9A19103F-16F7-4668-BE54-9A1E7A4F7556}") = "CentralBankIntegrationLib", "Integrations\CentralBankIntegrationLib\CentralBankIntegrationLib.csproj", "{5EB3A146-DB59-41C2-AA92-63BF69FE9A71}"
EndProject
Project("{9A19103F-16F7-4668-BE54-9A1E7A4F7556}") = "AuthenticationService", "Services\AuthenticationService\AuthenticationService.csproj", "{6477F925-68D0-4E48-AAD9-30D0502EBF90}"
EndProject
Project("{9A19103F-16F7-4668-BE54-9A1E7A4F7556}") = "NewsService", "Services\NewsService\NewsService.csproj", "{64542F76-2C88-4ECE-B433-9B119E8CCFB8}"
EndProject
Project("{2150E333-8FDC-42A3-9474-1A3956D46DE8}") = "Tests", "Tests", "{518E8EC1-F28E-45B5-BAB0-070B57AEE4E6}"
EndProject
Project("{9A19103F-16F7-4668-BE54-9A1E7A4F7556}") = "UserServiceTests", "Tests\UserServiceTests\UserServiceTests.csproj", "{38B08FD4-323D-4669-9A6C-D1E14C660E6A}"
EndProject
Project("{2150E333-8FDC-42A3-9474-1A3956D46DE8}") = "Common", "Common", "{A655E349-D714-40B5-AE63-625BEB8917E7}"
EndProject
Project("{9A19103F-16F7-4668-BE54-9A1E7A4F7556}") = "Kernel", "Common\Kernel\Kernel.csproj", "{E71E0705-C89D-4F5E-BAF6-5578F3B0399A}"
EndProject
Project("{9A19103F-16F7-4668-BE54-9A1E7A4F7556}") = "GUI", "Clients\GUI\GUI.csproj", "{3637B483-823F-4E34-9D5F-9DB605A93347}"
EndProject
Project("{2150E333-8FDC-42A3-9474-1A3956D46DE8}") = "Clients", "Clients", "{EDF975B5-738B-4D79-BD75-D09C065D0E0C}"
EndProject
Project("{9A19103F-16F7-4668-BE54-9A1E7A4F7556}") = "AuthenticationServiceTests", "Tests\AuthServiceTests\AuthenticationServiceTests.csproj", "{C687EE07-8BC9-4076-862D-2D464B6DAEE8}"
EndProject
Project("{9A19103F-16F7-4668-BE54-9A1E7A4F7556}") = "OperationServiceTests", "Tests\OperationServiceTests\OperationServiceTests.csproj", "{1B0D0FF7-2820-4363-8118-BCC7BBF96AE2}"
EndProject
Project("{9A19103F-16F7-4668-BE54-9A1E7A4F7556}") = "DatabaseServiceTests", "Tests\DatabaseServiceTests\DatabaseServiceTests.csproj", "{67520E13-DB95-43E1-A3A0-002E41AD26A4}"
EndProject
Project("{9A19103F-16F7-4668-BE54-9A1E7A4F7556}") = "NewsServiceTests", "Tests\NewsServiceTests\NewsServiceTests.csproj", "{E1DE4770-65E0-43CF-8D92-837D394CE4B8}"
EndProject
Project("{9A19103F-16F7-4668-BE54-9A1E7A4F7556}") = "KernelTests", "Tests\KernelTests\KernelTests.csproj", "{1CDE1465-17B4-4A84-A88A-F215E4C4097A}"
EndProject
Project("{2150E333-8FDC-42A3-9474-1A3956D46DE8}") = "PostmanTests", "PostmanTests", "{35BA8A98-D86F-47F7-BAC7-75FDF552C084}"
	ProjectSection(SolutionItems) = preProject
		PostmanTests\NewsService.postman_collection.json = PostmanTests\NewsService.postman_collection.json
		PostmanTests\OperationService.postman_collection.json = PostmanTests\OperationService.postman_collection.json
		PostmanTests\UserService.postman_collection.json = PostmanTests\UserService.postman_collection.json
	EndProjectSection
EndProject
Project("{9A19103F-16F7-4668-BE54-9A1E7A4F7556}") = "RssIntegrationLib", "Integrations\RssIntegrationLib\RssIntegrationLib.csproj", "{6C7F6642-34E4-4C39-B481-43F9840E7285}"
EndProject
Project("{2150E333-8FDC-42A3-9474-1A3956D46DE8}") = "WebTests", "WebTests", "{62E1ECFB-A462-49E1-823C-1B0B04CE4AC1}"
EndProject
Project("{9A19103F-16F7-4668-BE54-9A1E7A4F7556}") = "GUITests", "GUITests\GUITests.csproj", "{84259840-2408-413F-9720-67BA90EE98A4}"
EndProject
Project("{9A19103F-16F7-4668-BE54-9A1E7A4F7556}") = "LogReader", "LogReader\LogReader\LogReader.csproj", "{10022C0C-5116-42EA-B2C7-893846B735CD}"
EndProject
Global
	GlobalSection(SolutionConfigurationPlatforms) = preSolution
		Debug|Any CPU = Debug|Any CPU
		Release|Any CPU = Release|Any CPU
	EndGlobalSection
	GlobalSection(ProjectConfigurationPlatforms) = postSolution
		{CF177075-64DF-4E61-9312-CBD464C8E2F8}.Debug|Any CPU.ActiveCfg = Debug|Any CPU
		{CF177075-64DF-4E61-9312-CBD464C8E2F8}.Debug|Any CPU.Build.0 = Debug|Any CPU
		{CF177075-64DF-4E61-9312-CBD464C8E2F8}.Release|Any CPU.ActiveCfg = Release|Any CPU
		{CF177075-64DF-4E61-9312-CBD464C8E2F8}.Release|Any CPU.Build.0 = Release|Any CPU
		{6FA1ABB0-F5D3-4CF4-BC2A-170867AEF298}.Debug|Any CPU.ActiveCfg = Debug|Any CPU
		{6FA1ABB0-F5D3-4CF4-BC2A-170867AEF298}.Debug|Any CPU.Build.0 = Debug|Any CPU
		{6FA1ABB0-F5D3-4CF4-BC2A-170867AEF298}.Release|Any CPU.ActiveCfg = Release|Any CPU
		{6FA1ABB0-F5D3-4CF4-BC2A-170867AEF298}.Release|Any CPU.Build.0 = Release|Any CPU
		{D18595A6-80AE-4598-B398-68F3B9052DDD}.Debug|Any CPU.ActiveCfg = Debug|Any CPU
		{D18595A6-80AE-4598-B398-68F3B9052DDD}.Debug|Any CPU.Build.0 = Debug|Any CPU
		{D18595A6-80AE-4598-B398-68F3B9052DDD}.Release|Any CPU.ActiveCfg = Release|Any CPU
		{D18595A6-80AE-4598-B398-68F3B9052DDD}.Release|Any CPU.Build.0 = Release|Any CPU
		{E37485DB-4CE1-4B37-ADF5-319D13192AD7}.Debug|Any CPU.ActiveCfg = Debug|Any CPU
		{E37485DB-4CE1-4B37-ADF5-319D13192AD7}.Debug|Any CPU.Build.0 = Debug|Any CPU
		{E37485DB-4CE1-4B37-ADF5-319D13192AD7}.Release|Any CPU.ActiveCfg = Release|Any CPU
		{E37485DB-4CE1-4B37-ADF5-319D13192AD7}.Release|Any CPU.Build.0 = Release|Any CPU
		{30725E19-EA8D-4190-BEB6-46283B9E4743}.Debug|Any CPU.ActiveCfg = Debug|Any CPU
		{30725E19-EA8D-4190-BEB6-46283B9E4743}.Debug|Any CPU.Build.0 = Debug|Any CPU
		{30725E19-EA8D-4190-BEB6-46283B9E4743}.Release|Any CPU.ActiveCfg = Release|Any CPU
		{30725E19-EA8D-4190-BEB6-46283B9E4743}.Release|Any CPU.Build.0 = Release|Any CPU
		{AD5FA204-3F65-4ABE-9F8F-73253AF38DB6}.Debug|Any CPU.ActiveCfg = Debug|Any CPU
		{AD5FA204-3F65-4ABE-9F8F-73253AF38DB6}.Debug|Any CPU.Build.0 = Debug|Any CPU
		{AD5FA204-3F65-4ABE-9F8F-73253AF38DB6}.Release|Any CPU.ActiveCfg = Release|Any CPU
		{AD5FA204-3F65-4ABE-9F8F-73253AF38DB6}.Release|Any CPU.Build.0 = Release|Any CPU
		{F56CEEEA-AB92-4021-903F-2249A75DE529}.Debug|Any CPU.ActiveCfg = Debug|Any CPU
		{F56CEEEA-AB92-4021-903F-2249A75DE529}.Debug|Any CPU.Build.0 = Debug|Any CPU
		{F56CEEEA-AB92-4021-903F-2249A75DE529}.Release|Any CPU.ActiveCfg = Release|Any CPU
		{F56CEEEA-AB92-4021-903F-2249A75DE529}.Release|Any CPU.Build.0 = Release|Any CPU
		{5EB3A146-DB59-41C2-AA92-63BF69FE9A71}.Debug|Any CPU.ActiveCfg = Debug|Any CPU
		{5EB3A146-DB59-41C2-AA92-63BF69FE9A71}.Debug|Any CPU.Build.0 = Debug|Any CPU
		{5EB3A146-DB59-41C2-AA92-63BF69FE9A71}.Release|Any CPU.ActiveCfg = Release|Any CPU
		{5EB3A146-DB59-41C2-AA92-63BF69FE9A71}.Release|Any CPU.Build.0 = Release|Any CPU
		{6477F925-68D0-4E48-AAD9-30D0502EBF90}.Debug|Any CPU.ActiveCfg = Debug|Any CPU
		{6477F925-68D0-4E48-AAD9-30D0502EBF90}.Debug|Any CPU.Build.0 = Debug|Any CPU
		{6477F925-68D0-4E48-AAD9-30D0502EBF90}.Release|Any CPU.ActiveCfg = Release|Any CPU
		{6477F925-68D0-4E48-AAD9-30D0502EBF90}.Release|Any CPU.Build.0 = Release|Any CPU
		{64542F76-2C88-4ECE-B433-9B119E8CCFB8}.Debug|Any CPU.ActiveCfg = Debug|Any CPU
		{64542F76-2C88-4ECE-B433-9B119E8CCFB8}.Debug|Any CPU.Build.0 = Debug|Any CPU
		{64542F76-2C88-4ECE-B433-9B119E8CCFB8}.Release|Any CPU.ActiveCfg = Release|Any CPU
		{64542F76-2C88-4ECE-B433-9B119E8CCFB8}.Release|Any CPU.Build.0 = Release|Any CPU
		{38B08FD4-323D-4669-9A6C-D1E14C660E6A}.Debug|Any CPU.ActiveCfg = Debug|Any CPU
		{38B08FD4-323D-4669-9A6C-D1E14C660E6A}.Debug|Any CPU.Build.0 = Debug|Any CPU
		{38B08FD4-323D-4669-9A6C-D1E14C660E6A}.Release|Any CPU.ActiveCfg = Release|Any CPU
		{38B08FD4-323D-4669-9A6C-D1E14C660E6A}.Release|Any CPU.Build.0 = Release|Any CPU
		{E71E0705-C89D-4F5E-BAF6-5578F3B0399A}.Debug|Any CPU.ActiveCfg = Debug|Any CPU
		{E71E0705-C89D-4F5E-BAF6-5578F3B0399A}.Debug|Any CPU.Build.0 = Debug|Any CPU
		{E71E0705-C89D-4F5E-BAF6-5578F3B0399A}.Release|Any CPU.ActiveCfg = Release|Any CPU
		{E71E0705-C89D-4F5E-BAF6-5578F3B0399A}.Release|Any CPU.Build.0 = Release|Any CPU
		{3637B483-823F-4E34-9D5F-9DB605A93347}.Debug|Any CPU.ActiveCfg = Debug|Any CPU
		{3637B483-823F-4E34-9D5F-9DB605A93347}.Debug|Any CPU.Build.0 = Debug|Any CPU
		{3637B483-823F-4E34-9D5F-9DB605A93347}.Release|Any CPU.ActiveCfg = Release|Any CPU
		{3637B483-823F-4E34-9D5F-9DB605A93347}.Release|Any CPU.Build.0 = Release|Any CPU
		{C687EE07-8BC9-4076-862D-2D464B6DAEE8}.Debug|Any CPU.ActiveCfg = Debug|Any CPU
		{C687EE07-8BC9-4076-862D-2D464B6DAEE8}.Debug|Any CPU.Build.0 = Debug|Any CPU
		{C687EE07-8BC9-4076-862D-2D464B6DAEE8}.Release|Any CPU.ActiveCfg = Release|Any CPU
		{C687EE07-8BC9-4076-862D-2D464B6DAEE8}.Release|Any CPU.Build.0 = Release|Any CPU
		{1B0D0FF7-2820-4363-8118-BCC7BBF96AE2}.Debug|Any CPU.ActiveCfg = Debug|Any CPU
		{1B0D0FF7-2820-4363-8118-BCC7BBF96AE2}.Debug|Any CPU.Build.0 = Debug|Any CPU
		{1B0D0FF7-2820-4363-8118-BCC7BBF96AE2}.Release|Any CPU.ActiveCfg = Release|Any CPU
		{1B0D0FF7-2820-4363-8118-BCC7BBF96AE2}.Release|Any CPU.Build.0 = Release|Any CPU
		{67520E13-DB95-43E1-A3A0-002E41AD26A4}.Debug|Any CPU.ActiveCfg = Debug|Any CPU
		{67520E13-DB95-43E1-A3A0-002E41AD26A4}.Debug|Any CPU.Build.0 = Debug|Any CPU
		{67520E13-DB95-43E1-A3A0-002E41AD26A4}.Release|Any CPU.ActiveCfg = Release|Any CPU
		{67520E13-DB95-43E1-A3A0-002E41AD26A4}.Release|Any CPU.Build.0 = Release|Any CPU
		{E1DE4770-65E0-43CF-8D92-837D394CE4B8}.Debug|Any CPU.ActiveCfg = Debug|Any CPU
		{E1DE4770-65E0-43CF-8D92-837D394CE4B8}.Debug|Any CPU.Build.0 = Debug|Any CPU
		{E1DE4770-65E0-43CF-8D92-837D394CE4B8}.Release|Any CPU.ActiveCfg = Release|Any CPU
		{E1DE4770-65E0-43CF-8D92-837D394CE4B8}.Release|Any CPU.Build.0 = Release|Any CPU
		{1CDE1465-17B4-4A84-A88A-F215E4C4097A}.Debug|Any CPU.ActiveCfg = Debug|Any CPU
		{1CDE1465-17B4-4A84-A88A-F215E4C4097A}.Debug|Any CPU.Build.0 = Debug|Any CPU
		{1CDE1465-17B4-4A84-A88A-F215E4C4097A}.Release|Any CPU.ActiveCfg = Release|Any CPU
		{1CDE1465-17B4-4A84-A88A-F215E4C4097A}.Release|Any CPU.Build.0 = Release|Any CPU
		{6C7F6642-34E4-4C39-B481-43F9840E7285}.Debug|Any CPU.ActiveCfg = Debug|Any CPU
		{6C7F6642-34E4-4C39-B481-43F9840E7285}.Debug|Any CPU.Build.0 = Debug|Any CPU
		{6C7F6642-34E4-4C39-B481-43F9840E7285}.Release|Any CPU.ActiveCfg = Release|Any CPU
		{6C7F6642-34E4-4C39-B481-43F9840E7285}.Release|Any CPU.Build.0 = Release|Any CPU
		{84259840-2408-413F-9720-67BA90EE98A4}.Debug|Any CPU.ActiveCfg = Debug|Any CPU
		{84259840-2408-413F-9720-67BA90EE98A4}.Debug|Any CPU.Build.0 = Debug|Any CPU
		{84259840-2408-413F-9720-67BA90EE98A4}.Release|Any CPU.ActiveCfg = Release|Any CPU
		{84259840-2408-413F-9720-67BA90EE98A4}.Release|Any CPU.Build.0 = Release|Any CPU
		{10022C0C-5116-42EA-B2C7-893846B735CD}.Debug|Any CPU.ActiveCfg = Debug|Any CPU
		{10022C0C-5116-42EA-B2C7-893846B735CD}.Debug|Any CPU.Build.0 = Debug|Any CPU
		{10022C0C-5116-42EA-B2C7-893846B735CD}.Release|Any CPU.ActiveCfg = Release|Any CPU
		{10022C0C-5116-42EA-B2C7-893846B735CD}.Release|Any CPU.Build.0 = Release|Any CPU
	EndGlobalSection
	GlobalSection(SolutionProperties) = preSolution
		HideSolutionNode = FALSE
	EndGlobalSection
	GlobalSection(NestedProjects) = preSolution
		{CF177075-64DF-4E61-9312-CBD464C8E2F8} = {5FD6BC94-2E65-41F9-B36B-91D91F15EF53}
		{6FA1ABB0-F5D3-4CF4-BC2A-170867AEF298} = {A655E349-D714-40B5-AE63-625BEB8917E7}
		{D18595A6-80AE-4598-B398-68F3B9052DDD} = {A655E349-D714-40B5-AE63-625BEB8917E7}
		{E37485DB-4CE1-4B37-ADF5-319D13192AD7} = {C65FCC87-0D7A-476D-AA0D-1AFEAD12E8B6}
		{30725E19-EA8D-4190-BEB6-46283B9E4743} = {C65FCC87-0D7A-476D-AA0D-1AFEAD12E8B6}
		{AD5FA204-3F65-4ABE-9F8F-73253AF38DB6} = {C65FCC87-0D7A-476D-AA0D-1AFEAD12E8B6}
		{F56CEEEA-AB92-4021-903F-2249A75DE529} = {C65FCC87-0D7A-476D-AA0D-1AFEAD12E8B6}
		{5EB3A146-DB59-41C2-AA92-63BF69FE9A71} = {5FD6BC94-2E65-41F9-B36B-91D91F15EF53}
		{6477F925-68D0-4E48-AAD9-30D0502EBF90} = {C65FCC87-0D7A-476D-AA0D-1AFEAD12E8B6}
		{64542F76-2C88-4ECE-B433-9B119E8CCFB8} = {C65FCC87-0D7A-476D-AA0D-1AFEAD12E8B6}
		{38B08FD4-323D-4669-9A6C-D1E14C660E6A} = {518E8EC1-F28E-45B5-BAB0-070B57AEE4E6}
		{E71E0705-C89D-4F5E-BAF6-5578F3B0399A} = {A655E349-D714-40B5-AE63-625BEB8917E7}
		{3637B483-823F-4E34-9D5F-9DB605A93347} = {EDF975B5-738B-4D79-BD75-D09C065D0E0C}
		{C687EE07-8BC9-4076-862D-2D464B6DAEE8} = {518E8EC1-F28E-45B5-BAB0-070B57AEE4E6}
		{1B0D0FF7-2820-4363-8118-BCC7BBF96AE2} = {518E8EC1-F28E-45B5-BAB0-070B57AEE4E6}
		{67520E13-DB95-43E1-A3A0-002E41AD26A4} = {518E8EC1-F28E-45B5-BAB0-070B57AEE4E6}
		{E1DE4770-65E0-43CF-8D92-837D394CE4B8} = {518E8EC1-F28E-45B5-BAB0-070B57AEE4E6}
		{1CDE1465-17B4-4A84-A88A-F215E4C4097A} = {518E8EC1-F28E-45B5-BAB0-070B57AEE4E6}
		{6C7F6642-34E4-4C39-B481-43F9840E7285} = {5FD6BC94-2E65-41F9-B36B-91D91F15EF53}
		{62E1ECFB-A462-49E1-823C-1B0B04CE4AC1} = {518E8EC1-F28E-45B5-BAB0-070B57AEE4E6}
		{84259840-2408-413F-9720-67BA90EE98A4} = {62E1ECFB-A462-49E1-823C-1B0B04CE4AC1}
	EndGlobalSection
	GlobalSection(ExtensibilityGlobals) = postSolution
		SolutionGuid = {D6D82083-4A32-48DC-BD04-F40E561E5F7B}
	EndGlobalSection
EndGlobal
