
Microsoft Visual Studio Solution File, Format Version 12.00
# Visual Studio Version 16
VisualStudioVersion = 16.0.29806.167
MinimumVisualStudioVersion = 10.0.40219.1
Project("{2150E333-8FDC-42A3-9474-1A3956D46DE8}") = "Integrations", "Integrations", "{5FD6BC94-2E65-41F9-B36B-91D91F15EF53}"
EndProject
Project("{9A19103F-16F7-4668-BE54-9A1E7A4F7556}") = "TinkoffIntegrationLib", "Integrations\TinkoffIntegrationLib\TinkoffIntegrationLib.csproj", "{CF177075-64DF-4E61-9312-CBD464C8E2F8}"
EndProject
Project("{9A19103F-16F7-4668-BE54-9A1E7A4F7556}") = "DTO", "Integrations\DTO\DTO.csproj", "{6FA1ABB0-F5D3-4CF4-BC2A-170867AEF298}"
EndProject
Project("{9A19103F-16F7-4668-BE54-9A1E7A4F7556}") = "Interfaces", "Integrations\Interfaces\Interfaces.csproj", "{D18595A6-80AE-4598-B398-68F3B9052DDD}"
EndProject
Project("{2150E333-8FDC-42A3-9474-1A3956D46DE8}") = "Services", "Services", "{C65FCC87-0D7A-476D-AA0D-1AFEAD12E8B6}"
EndProject
Project("{9A19103F-16F7-4668-BE54-9A1E7A4F7556}") = "DataBaseService", "Services\DataBaseService\DataBaseService.csproj", "{E37485DB-4CE1-4B37-ADF5-319D13192AD7}"
EndProject
Project("{9A19103F-16F7-4668-BE54-9A1E7A4F7556}") = "OperationService", "Services\OperationService\OperationService.csproj", "{30725E19-EA8D-4190-BEB6-46283B9E4743}"
EndProject
Project("{9A19103F-16F7-4668-BE54-9A1E7A4F7556}") = "UserService", "Services\UserService\UserService.csproj", "{AD5FA204-3F65-4ABE-9F8F-73253AF38DB6}"
EndProject
Project("{9A19103F-16F7-4668-BE54-9A1E7A4F7556}") = "BrokerServices", "Services\BrokerServices\BrokerServices.csproj", "{F56CEEEA-AB92-4021-903F-2249A75DE529}"
EndProject
Project("{9A19103F-16F7-4668-BE54-9A1E7A4F7556}") = "CentralBankIntegrationLib", "Integrations\CentralBankIntegration\CentralBankIntegrationLib.csproj", "{5EB3A146-DB59-41C2-AA92-63BF69FE9A71}"
EndProject
Global
	GlobalSection(SolutionConfigurationPlatforms) = preSolution
		Debug|Any CPU = Debug|Any CPU
		Release|Any CPU = Release|Any CPU
	EndGlobalSection
	GlobalSection(ProjectConfigurationPlatforms) = postSolution
		{CF177075-64DF-4E61-9312-CBD464C8E2F8}.Debug|Any CPU.ActiveCfg = Debug|Any CPU
		{CF177075-64DF-4E61-9312-CBD464C8E2F8}.Debug|Any CPU.Build.0 = Debug|Any CPU
		{CF177075-64DF-4E61-9312-CBD464C8E2F8}.Release|Any CPU.ActiveCfg = Release|Any CPU
		{CF177075-64DF-4E61-9312-CBD464C8E2F8}.Release|Any CPU.Build.0 = Release|Any CPU
		{6FA1ABB0-F5D3-4CF4-BC2A-170867AEF298}.Debug|Any CPU.ActiveCfg = Debug|Any CPU
		{6FA1ABB0-F5D3-4CF4-BC2A-170867AEF298}.Debug|Any CPU.Build.0 = Debug|Any CPU
		{6FA1ABB0-F5D3-4CF4-BC2A-170867AEF298}.Release|Any CPU.ActiveCfg = Release|Any CPU
		{6FA1ABB0-F5D3-4CF4-BC2A-170867AEF298}.Release|Any CPU.Build.0 = Release|Any CPU
		{D18595A6-80AE-4598-B398-68F3B9052DDD}.Debug|Any CPU.ActiveCfg = Debug|Any CPU
		{D18595A6-80AE-4598-B398-68F3B9052DDD}.Debug|Any CPU.Build.0 = Debug|Any CPU
		{D18595A6-80AE-4598-B398-68F3B9052DDD}.Release|Any CPU.ActiveCfg = Release|Any CPU
		{D18595A6-80AE-4598-B398-68F3B9052DDD}.Release|Any CPU.Build.0 = Release|Any CPU
		{E37485DB-4CE1-4B37-ADF5-319D13192AD7}.Debug|Any CPU.ActiveCfg = Debug|Any CPU
		{E37485DB-4CE1-4B37-ADF5-319D13192AD7}.Debug|Any CPU.Build.0 = Debug|Any CPU
		{E37485DB-4CE1-4B37-ADF5-319D13192AD7}.Release|Any CPU.ActiveCfg = Release|Any CPU
		{E37485DB-4CE1-4B37-ADF5-319D13192AD7}.Release|Any CPU.Build.0 = Release|Any CPU
		{30725E19-EA8D-4190-BEB6-46283B9E4743}.Debug|Any CPU.ActiveCfg = Debug|Any CPU
		{30725E19-EA8D-4190-BEB6-46283B9E4743}.Debug|Any CPU.Build.0 = Debug|Any CPU
		{30725E19-EA8D-4190-BEB6-46283B9E4743}.Release|Any CPU.ActiveCfg = Release|Any CPU
		{30725E19-EA8D-4190-BEB6-46283B9E4743}.Release|Any CPU.Build.0 = Release|Any CPU
		{AD5FA204-3F65-4ABE-9F8F-73253AF38DB6}.Debug|Any CPU.ActiveCfg = Debug|Any CPU
		{AD5FA204-3F65-4ABE-9F8F-73253AF38DB6}.Debug|Any CPU.Build.0 = Debug|Any CPU
		{AD5FA204-3F65-4ABE-9F8F-73253AF38DB6}.Release|Any CPU.ActiveCfg = Release|Any CPU
		{AD5FA204-3F65-4ABE-9F8F-73253AF38DB6}.Release|Any CPU.Build.0 = Release|Any CPU
		{F56CEEEA-AB92-4021-903F-2249A75DE529}.Debug|Any CPU.ActiveCfg = Debug|Any CPU
		{F56CEEEA-AB92-4021-903F-2249A75DE529}.Debug|Any CPU.Build.0 = Debug|Any CPU
		{F56CEEEA-AB92-4021-903F-2249A75DE529}.Release|Any CPU.ActiveCfg = Release|Any CPU
		{F56CEEEA-AB92-4021-903F-2249A75DE529}.Release|Any CPU.Build.0 = Release|Any CPU
		{5EB3A146-DB59-41C2-AA92-63BF69FE9A71}.Debug|Any CPU.ActiveCfg = Debug|Any CPU
		{5EB3A146-DB59-41C2-AA92-63BF69FE9A71}.Debug|Any CPU.Build.0 = Debug|Any CPU
		{5EB3A146-DB59-41C2-AA92-63BF69FE9A71}.Release|Any CPU.ActiveCfg = Release|Any CPU
		{5EB3A146-DB59-41C2-AA92-63BF69FE9A71}.Release|Any CPU.Build.0 = Release|Any CPU
	EndGlobalSection
	GlobalSection(SolutionProperties) = preSolution
		HideSolutionNode = FALSE
	EndGlobalSection
	GlobalSection(NestedProjects) = preSolution
		{CF177075-64DF-4E61-9312-CBD464C8E2F8} = {5FD6BC94-2E65-41F9-B36B-91D91F15EF53}
		{6FA1ABB0-F5D3-4CF4-BC2A-170867AEF298} = {5FD6BC94-2E65-41F9-B36B-91D91F15EF53}
		{D18595A6-80AE-4598-B398-68F3B9052DDD} = {5FD6BC94-2E65-41F9-B36B-91D91F15EF53}
		{E37485DB-4CE1-4B37-ADF5-319D13192AD7} = {C65FCC87-0D7A-476D-AA0D-1AFEAD12E8B6}
		{30725E19-EA8D-4190-BEB6-46283B9E4743} = {C65FCC87-0D7A-476D-AA0D-1AFEAD12E8B6}
		{AD5FA204-3F65-4ABE-9F8F-73253AF38DB6} = {C65FCC87-0D7A-476D-AA0D-1AFEAD12E8B6}
		{F56CEEEA-AB92-4021-903F-2249A75DE529} = {C65FCC87-0D7A-476D-AA0D-1AFEAD12E8B6}
		{5EB3A146-DB59-41C2-AA92-63BF69FE9A71} = {5FD6BC94-2E65-41F9-B36B-91D91F15EF53}
	EndGlobalSection
	GlobalSection(ExtensibilityGlobals) = postSolution
		SolutionGuid = {D6D82083-4A32-48DC-BD04-F40E561E5F7B}
	EndGlobalSection
EndGlobal
